{
  "name": "@local/linkoo_shared",
  "version": "1.0.0",
  "lockfileVersion": 3,
  "requires": true,
  "packages": {
    "": {
      "name": "@local/linkoo_shared",
      "version": "1.0.0",
      "dependencies": {
        "crypto-js": "^4.2.0",
        "lz-string": "^1.5.0"
      },
      "devDependencies": {
        "@types/crypto-js": "^4.2.2",
        "@types/lz-string": "^1.5.0",
        "typescript": "^5.0.0"
      }
    },
    "node_modules/@types/crypto-js": {
      "version": "4.2.2",
      "resolved": "https://registry.npmjs.org/@types/crypto-js/-/crypto-js-4.2.2.tgz",
      "integrity": "sha512-sDOLlVbHhXpAUAL0YHDUUwDZf3iN4Bwi4W6a0W0b+QcAezUbRtH4FVb+9J4h+XFPW7l/gQ9F8qC7P+Ec4k8QVQ==",
      "dev": true
    },
    "node_modules/@types/lz-string": {
      "version": "1.5.0",
      "resolved": "https://registry.npmjs.org/@types/lz-string/-/lz-string-1.5.0.tgz",
      "integrity": "sha512-s84fKOrzqqNCAPljhVyC5TjAo6BH4jKHw9NRNFNiRUY5QSgZCmVm5XILlWbisiKl+0OcS7eWihmKGS5akc2iQw==",
      "deprecated": "This is a stub types definition. lz-string provides its own type definitions, so you do not need this installed.",
      "dev": true,
      "dependencies": {
        "lz-string": "*"
      }
    },
    "node_modules/crypto-js": {
      "version": "4.2.0",
      "resolved": "https://registry.npmjs.org/crypto-js/-/crypto-js-4.2.0.tgz",
      "integrity": "sha512-KALDyEYgpY+Rlob/iriUtjV6d5Eq+Y191A5g4UqLAi8CyGP9N1+FdVbkc1SxKc2r4YAYqG8JzO2KGL+AizD70Q=="
    },
    "node_modules/lz-string": {
      "version": "1.5.0",
      "resolved": "https://registry.npmjs.org/lz-string/-/lz-string-1.5.0.tgz",
      "integrity": "sha512-h5bgJWpxJNswbU7qCrV0tIKQCaS3blPDrqKWx+QxzuzL1zGUzij9XCWLrSLsJPu5t+eWA/ycetzYAO5IOMcWAQ==",
      "bin": {
        "lz-string": "bin/bin.js"
      }
    },
    "node_modules/typescript": {
      "version": "5.9.3",
      "resolved": "https://registry.npmjs.org/typescript/-/typescript-5.9.3.tgz",
      "integrity": "sha512-jl1vZzPDinLr9eUt3J/t7V6FgNEw9QjvBPdysz9KfQDD41fQrC2Y4vKQdiaUpFT4bXlb1RHhLpp8wtm6M5TgSw==",
      "dev": true,
      "bin": {
        "tsc": "bin/tsc",
        "tsserver": "bin/tsserver"
      },
      "engines": {
        "node": ">=14.17"
      }
    }
  }
}
